uuid: d6144dab-9dd7-4649-9716-4f6814c68171
langcode: da
status: false
dependencies:
  config:
    - contact.form.contact_form
  module:
    - contact_block
    - system
  theme:
    - grundsalg
id: contactblock
theme: grundsalg
region: hamburger
weight: 0
provider: null
plugin: contact_block
settings:
  id: contact_block
  label: 'Contact block'
  label_display: '0'
  provider: contact_block
  contact_form: contact_form
  form_display: default
visibility:
  request_path:
    id: request_path
    negate: false
    context_mapping: {  }
    pages: /kontaktoplysninger
