uuid: ad55c70b-402d-4c8d-b9bd-2374b084e354
langcode: da
status: true
dependencies:
  module:
    - grundsalg_maps
    - system
  theme:
    - grundsalg
id: grundsalgmapsblock
theme: grundsalg
region: content
weight: -4
provider: null
plugin: grundsalg_maps_block
settings:
  id: grundsalg_maps_block
  label: 'Grundsalg maps block'
  label_display: '0'
  provider: grundsalg_maps
visibility:
  request_path:
    id: request_path
    negate: false
    context_mapping: {  }
    pages: "/projekter\r\n/villagrunde\r\n/storparceller\r\n/erhvervsgrunde"
