uuid: fca1aefb-973e-4222-9de9-4c5ca3fc6fac
langcode: da
status: true
dependencies:
  module:
    - menu_ui
third_party_settings:
  menu_ui:
    available_menus: {  }
    parent: ''
name: Indholdsblok
type: content_block
description: 'En indholdsblok der kan placeres på flere statiske sider'
help: ''
new_revision: false
preview_mode: 0
display_submitted: false
